
Microsoft Visual Studio Solution File, Format Version 12.00
# Visual Studio Version 17
VisualStudioVersion = 17.4.33205.214
MinimumVisualStudioVersion = 10.0.40219.1
Project("{FAE04EC0-301F-11D3-BF4B-00C04F79EFBC}") = "Club managment system", "Club managment system\Club managment system.csproj", "{CBF717B5-148E-4C3E-B4BD-A5468C99B54A}"
EndProject
Global
	GlobalSection(SolutionConfigurationPlatforms) = preSolution
		Debug|Any CPU = Debug|Any CPU
		Release|Any CPU = Release|Any CPU
	EndGlobalSection
	GlobalSection(ProjectConfigurationPlatforms) = postSolution
		{CBF717B5-148E-4C3E-B4BD-A5468C99B54A}.Debug|Any CPU.ActiveCfg = Debug|Any CPU
		{CBF717B5-148E-4C3E-B4BD-A5468C99B54A}.Debug|Any CPU.Build.0 = Debug|Any CPU
		{CBF717B5-148E-4C3E-B4BD-A5468C99B54A}.Release|Any CPU.ActiveCfg = Release|Any CPU
		{CBF717B5-148E-4C3E-B4BD-A5468C99B54A}.Release|Any CPU.Build.0 = Release|Any CPU
	EndGlobalSection
	GlobalSection(SolutionProperties) = preSolution
		HideSolutionNode = FALSE
	EndGlobalSection
	GlobalSection(ExtensibilityGlobals) = postSolution
		SolutionGuid = {4C0DF19A-C6E6-4C6F-B67B-5BB892CF8512}
	EndGlobalSection
EndGlobal
